// !$*UTF8*$!
{
	archiveVersion = 1;
	classes = {
	};
	objectVersion = 50;
	objects = {

/* Begin PBXBuildFile section */
		4F65326A24D7AB0B0003AC88 /* AppDelegate.swift in Sources */ = {isa = PBXBuildFile; fileRef = 4F65326924D7AB0B0003AC88 /* AppDelegate.swift */; };
		4F65326C24D7AB0B0003AC88 /* SceneDelegate.swift in Sources */ = {isa = PBXBuildFile; fileRef = 4F65326B24D7AB0B0003AC88 /* SceneDelegate.swift */; };
		4F65326E24D7AB0B0003AC88 /* ViewController.swift in Sources */ = {isa = PBXBuildFile; fileRef = 4F65326D24D7AB0B0003AC88 /* ViewController.swift */; };
		4F65327124D7AB0B0003AC88 /* Main.storyboard in Resources */ = {isa = PBXBuildFile; fileRef = 4F65326F24D7AB0B0003AC88 /* Main.storyboard */; };
		4F65327324D7AB150003AC88 /* Assets.xcassets in Resources */ = {isa = PBXBuildFile; fileRef = 4F65327224D7AB150003AC88 /* Assets.xcassets */; };
		4F65327624D7AB150003AC88 /* LaunchScreen.storyboard in Resources */ = {isa = PBXBuildFile; fileRef = 4F65327424D7AB150003AC88 /* LaunchScreen.storyboard */; };
		4F65328124D7AB160003AC88 /* TinPetTests.swift in Sources */ = {isa = PBXBuildFile; fileRef = 4F65328024D7AB160003AC88 /* TinPetTests.swift */; };
		4F65328C24D7AB160003AC88 /* TinPetUITests.swift in Sources */ = {isa = PBXBuildFile; fileRef = 4F65328B24D7AB160003AC88 /* TinPetUITests.swift */; };
/* End PBXBuildFile section */

/* Begin PBXContainerItemProxy section */
		4F65327D24D7AB160003AC88 /* PBXContainerItemProxy */ = {
			isa = PBXContainerItemProxy;
			containerPortal = 4F65325E24D7AB0B0003AC88 /* Project object */;
			proxyType = 1;
			remoteGlobalIDString = 4F65326524D7AB0B0003AC88;
			remoteInfo = TinPet;
		};
		4F65328824D7AB160003AC88 /* PBXContainerItemProxy */ = {
			isa = PBXContainerItemProxy;
			containerPortal = 4F65325E24D7AB0B0003AC88 /* Project object */;
			proxyType = 1;
			remoteGlobalIDString = 4F65326524D7AB0B0003AC88;
			remoteInfo = TinPet;
		};
/* End PBXContainerItemProxy section */

/* Begin PBXFileReference section */
		4F65326624D7AB0B0003AC88 /* TinPet.app */ = {isa = PBXFileReference; explicitFileType = wrapper.application; includeInIndex = 0; path = TinPet.app; sourceTree = BUILT_PRODUCTS_DIR; };
		4F65326924D7AB0B0003AC88 /* AppDelegate.swift */ = {isa = PBXFileReference; lastKnownFileType = sourcecode.swift; path = AppDelegate.swift; sourceTree = "<group>"; };
		4F65326B24D7AB0B0003AC88 /* SceneDelegate.swift */ = {isa = PBXFileReference; lastKnownFileType = sourcecode.swift; path = SceneDelegate.swift; sourceTree = "<group>"; };
		4F65326D24D7AB0B0003AC88 /* ViewController.swift */ = {isa = PBXFileReference; lastKnownFileType = sourcecode.swift; path = ViewController.swift; sourceTree = "<group>"; };
		4F65327024D7AB0B0003AC88 /* Base */ = {isa = PBXFileReference; lastKnownFileType = file.storyboard; name = Base; path = Base.lproj/Main.storyboard; sourceTree = "<group>"; };
		4F65327224D7AB150003AC88 /* Assets.xcassets */ = {isa = PBXFileReference; lastKnownFileType = folder.assetcatalog; path = Assets.xcassets; sourceTree = "<group>"; };
		4F65327524D7AB150003AC88 /* Base */ = {isa = PBXFileReference; lastKnownFileType = file.storyboard; name = Base; path = Base.lproj/LaunchScreen.storyboard; sourceTree = "<group>"; };
		4F65327724D7AB150003AC88 /* Info.plist */ = {isa = PBXFileReference; lastKnownFileType = text.plist.xml; path = Info.plist; sourceTree = "<group>"; };
		4F65327C24D7AB160003AC88 /* TinPetTests.xctest */ = {isa = PBXFileReference; explicitFileType = wrapper.cfbundle; includeInIndex = 0; path = TinPetTests.xctest; sourceTree = BUILT_PRODUCTS_DIR; };
		4F65328024D7AB160003AC88 /* TinPetTests.swift */ = {isa = PBXFileReference; lastKnownFileType = sourcecode.swift; path = TinPetTests.swift; sourceTree = "<group>"; };
		4F65328224D7AB160003AC88 /* Info.plist */ = {isa = PBXFileReference; lastKnownFileType = text.plist.xml; path = Info.plist; sourceTree = "<group>"; };
		4F65328724D7AB160003AC88 /* TinPetUITests.xctest */ = {isa = PBXFileReference; explicitFileType = wrapper.cfbundle; includeInIndex = 0; path = TinPetUITests.xctest; sourceTree = BUILT_PRODUCTS_DIR; };
		4F65328B24D7AB160003AC88 /* TinPetUITests.swift */ = {isa = PBXFileReference; lastKnownFileType = sourcecode.swift; path = TinPetUITests.swift; sourceTree = "<group>"; };
		4F65328D24D7AB160003AC88 /* Info.plist */ = {isa = PBXFileReference; lastKnownFileType = text.plist.xml; path = Info.plist; sourceTree = "<group>"; };
/* End PBXFileReference section */

/* Begin PBXFrameworksBuildPhase section */
		4F65326324D7AB0B0003AC88 /* Frameworks */ = {
			isa = PBXFrameworksBuildPhase;
			buildActionMask = 2147483647;
			files = (
			);
			runOnlyForDeploymentPostprocessing = 0;
		};
		4F65327924D7AB160003AC88 /* Frameworks */ = {
			isa = PBXFrameworksBuildPhase;
			buildActionMask = 2147483647;
			files = (
			);
			runOnlyForDeploymentPostprocessing = 0;
		};
		4F65328424D7AB160003AC88 /* Frameworks */ = {
			isa = PBXFrameworksBuildPhase;
			buildActionMask = 2147483647;
			files = (
			);
			runOnlyForDeploymentPostprocessing = 0;
		};
/* End PBXFrameworksBuildPhase section */

/* Begin PBXGroup section */
		4F65325D24D7AB0B0003AC88 = {
			isa = PBXGroup;
			children = (
				4F65326824D7AB0B0003AC88 /* TinPet */,
				4F65327F24D7AB160003AC88 /* TinPetTests */,
				4F65328A24D7AB160003AC88 /* TinPetUITests */,
				4F65326724D7AB0B0003AC88 /* Products */,
			);
			sourceTree = "<group>";
		};
		4F65326724D7AB0B0003AC88 /* Products */ = {
			isa = PBXGroup;
			children = (
				4F65326624D7AB0B0003AC88 /* TinPet.app */,
				4F65327C24D7AB160003AC88 /* TinPetTests.xctest */,
				4F65328724D7AB160003AC88 /* TinPetUITests.xctest */,
			);
			name = Products;
			sourceTree = "<group>";
		};
		4F65326824D7AB0B0003AC88 /* TinPet */ = {
			isa = PBXGroup;
			children = (
				4F65326924D7AB0B0003AC88 /* AppDelegate.swift */,
				4F65326B24D7AB0B0003AC88 /* SceneDelegate.swift */,
				4F65326D24D7AB0B0003AC88 /* ViewController.swift */,
				4F65326F24D7AB0B0003AC88 /* Main.storyboard */,
				4F65327224D7AB150003AC88 /* Assets.xcassets */,
				4F65327424D7AB150003AC88 /* LaunchScreen.storyboard */,
				4F65327724D7AB150003AC88 /* Info.plist */,
			);
			path = TinPet;
			sourceTree = "<group>";
		};
		4F65327F24D7AB160003AC88 /* TinPetTests */ = {
			isa = PBXGroup;
			children = (
				4F65328024D7AB160003AC88 /* TinPetTests.swift */,
				4F65328224D7AB160003AC88 /* Info.plist */,
			);
			path = TinPetTests;
			sourceTree = "<group>";
		};
		4F65328A24D7AB160003AC88 /* TinPetUITests */ = {
			isa = PBXGroup;
			children = (
				4F65328B24D7AB160003AC88 /* TinPetUITests.swift */,
				4F65328D24D7AB160003AC88 /* Info.plist */,
			);
			path = TinPetUITests;
			sourceTree = "<group>";
		};
/* End PBXGroup section */

/* Begin PBXNativeTarget section */
		4F65326524D7AB0B0003AC88 /* TinPet */ = {
			isa = PBXNativeTarget;
			buildConfigurationList = 4F65329024D7AB160003AC88 /* Build configuration list for PBXNativeTarget "TinPet" */;
			buildPhases = (
				4F65326224D7AB0B0003AC88 /* Sources */,
				4F65326324D7AB0B0003AC88 /* Frameworks */,
				4F65326424D7AB0B0003AC88 /* Resources */,
			);
			buildRules = (
			);
			dependencies = (
			);
			name = TinPet;
			productName = TinPet;
			productReference = 4F65326624D7AB0B0003AC88 /* TinPet.app */;
			productType = "com.apple.product-type.application";
		};
		4F65327B24D7AB160003AC88 /* TinPetTests */ = {
			isa = PBXNativeTarget;
			buildConfigurationList = 4F65329324D7AB160003AC88 /* Build configuration list for PBXNativeTarget "TinPetTests" */;
			buildPhases = (
				4F65327824D7AB160003AC88 /* Sources */,
				4F65327924D7AB160003AC88 /* Frameworks */,
				4F65327A24D7AB160003AC88 /* Resources */,
			);
			buildRules = (
			);
			dependencies = (
				4F65327E24D7AB160003AC88 /* PBXTargetDependency */,
			);
			name = TinPetTests;
			productName = TinPetTests;
			productReference = 4F65327C24D7AB160003AC88 /* TinPetTests.xctest */;
			productType = "com.apple.product-type.bundle.unit-test";
		};
		4F65328624D7AB160003AC88 /* TinPetUITests */ = {
			isa = PBXNativeTarget;
			buildConfigurationList = 4F65329624D7AB160003AC88 /* Build configuration list for PBXNativeTarget "TinPetUITests" */;
			buildPhases = (
				4F65328324D7AB160003AC88 /* Sources */,
				4F65328424D7AB160003AC88 /* Frameworks */,
				4F65328524D7AB160003AC88 /* Resources */,
			);
			buildRules = (
			);
			dependencies = (
				4F65328924D7AB160003AC88 /* PBXTargetDependency */,
			);
			name = TinPetUITests;
			productName = TinPetUITests;
			productReference = 4F65328724D7AB160003AC88 /* TinPetUITests.xctest */;
			productType = "com.apple.product-type.bundle.ui-testing";
		};
/* End PBXNativeTarget section */

/* Begin PBXProject section */
		4F65325E24D7AB0B0003AC88 /* Project object */ = {
			isa = PBXProject;
			attributes = {
				LastSwiftUpdateCheck = 1160;
				LastUpgradeCheck = 1160;
				ORGANIZATIONNAME = "Silca8 Ltda";
				TargetAttributes = {
					4F65326524D7AB0B0003AC88 = {
						CreatedOnToolsVersion = 11.6;
					};
					4F65327B24D7AB160003AC88 = {
						CreatedOnToolsVersion = 11.6;
						TestTargetID = 4F65326524D7AB0B0003AC88;
					};
					4F65328624D7AB160003AC88 = {
						CreatedOnToolsVersion = 11.6;
						TestTargetID = 4F65326524D7AB0B0003AC88;
					};
				};
			};
			buildConfigurationList = 4F65326124D7AB0B0003AC88 /* Build configuration list for PBXProject "TinPet" */;
			compatibilityVersion = "Xcode 9.3";
			developmentRegion = en;
			hasScannedForEncodings = 0;
			knownRegions = (
				en,
				Base,
			);
			mainGroup = 4F65325D24D7AB0B0003AC88;
			productRefGroup = 4F65326724D7AB0B0003AC88 /* Products */;
			projectDirPath = "";
			projectRoot = "";
			targets = (
				4F65326524D7AB0B0003AC88 /* TinPet */,
				4F65327B24D7AB160003AC88 /* TinPetTests */,
				4F65328624D7AB160003AC88 /* TinPetUITests */,
			);
		};
/* End PBXProject section */

/* Begin PBXResourcesBuildPhase section */
		4F65326424D7AB0B0003AC88 /* Resources */ = {
			isa = PBXResourcesBuildPhase;
			buildActionMask = 2147483647;
			files = (
				4F65327624D7AB150003AC88 /* LaunchScreen.storyboard in Resources */,
				4F65327324D7AB150003AC88 /* Assets.xcassets in Resources */,
				4F65327124D7AB0B0003AC88 /* Main.storyboard in Resources */,
			);
			runOnlyForDeploymentPostprocessing = 0;
		};
		4F65327A24D7AB160003AC88 /* Resources */ = {
			isa = PBXResourcesBuildPhase;
			buildActionMask = 2147483647;
			files = (
			);
			runOnlyForDeploymentPostprocessing = 0;
		};
		4F65328524D7AB160003AC88 /* Resources */ = {
			isa = PBXResourcesBuildPhase;
			buildActionMask = 2147483647;
			files = (
			);
			runOnlyForDeploymentPostprocessing = 0;
		};
/* End PBXResourcesBuildPhase section */

/* Begin PBXSourcesBuildPhase section */
		4F65326224D7AB0B0003AC88 /* Sources */ = {
			isa = PBXSourcesBuildPhase;
			buildActionMask = 2147483647;
			files = (
				4F65326E24D7AB0B0003AC88 /* ViewController.swift in Sources */,
				4F65326A24D7AB0B0003AC88 /* AppDelegate.swift in Sources */,
				4F65326C24D7AB0B0003AC88 /* SceneDelegate.swift in Sources */,
			);
			runOnlyForDeploymentPostprocessing = 0;
		};
		4F65327824D7AB160003AC88 /* Sources */ = {
			isa = PBXSourcesBuildPhase;
			buildActionMask = 2147483647;
			files = (
				4F65328124D7AB160003AC88 /* TinPetTests.swift in Sources */,
			);
			runOnlyForDeploymentPostprocessing = 0;
		};
		4F65328324D7AB160003AC88 /* Sources */ = {
			isa = PBXSourcesBuildPhase;
			buildActionMask = 2147483647;
			files = (
				4F65328C24D7AB160003AC88 /* TinPetUITests.swift in Sources */,
			);
			runOnlyForDeploymentPostprocessing = 0;
		};
/* End PBXSourcesBuildPhase section */

/* Begin PBXTargetDependency section */
		4F65327E24D7AB160003AC88 /* PBXTargetDependency */ = {
			isa = PBXTargetDependency;
			target = 4F65326524D7AB0B0003AC88 /* TinPet */;
			targetProxy = 4F65327D24D7AB160003AC88 /* PBXContainerItemProxy */;
		};
		4F65328924D7AB160003AC88 /* PBXTargetDependency */ = {
			isa = PBXTargetDependency;
			target = 4F65326524D7AB0B0003AC88 /* TinPet */;
			targetProxy = 4F65328824D7AB160003AC88 /* PBXContainerItemProxy */;
		};
/* End PBXTargetDependency section */

/* Begin PBXVariantGroup section */
		4F65326F24D7AB0B0003AC88 /* Main.storyboard */ = {
			isa = PBXVariantGroup;
			children = (
				4F65327024D7AB0B0003AC88 /* Base */,
			);
			name = Main.storyboard;
			sourceTree = "<group>";
		};
		4F65327424D7AB150003AC88 /* LaunchScreen.storyboard */ = {
			isa = PBXVariantGroup;
			children = (
				4F65327524D7AB150003AC88 /* Base */,
			);
			name = LaunchScreen.storyboard;
			sourceTree = "<group>";
		};
/* End PBXVariantGroup section */

/* Begin XCBuildConfiguration section */
		4F65328E24D7AB160003AC88 /* Debug */ = {
			isa = XCBuildConfiguration;
			buildSettings = {
				ALWAYS_SEARCH_USER_PATHS = NO;
				CLANG_ANALYZER_NONNULL = YES;
				CLANG_ANALYZER_NUMBER_OBJECT_CONVERSION = YES_AGGRESSIVE;
				CLANG_CXX_LANGUAGE_STANDARD = "gnu++14";
				CLANG_CXX_LIBRARY = "libc++";
				CLANG_ENABLE_MODULES = YES;
				CLANG_ENABLE_OBJC_ARC = YES;
				CLANG_ENABLE_OBJC_WEAK = YES;
				CLANG_WARN_BLOCK_CAPTURE_AUTORELEASING = YES;
				CLANG_WARN_BOOL_CONVERSION = YES;
				CLANG_WARN_COMMA = YES;
				CLANG_WARN_CONSTANT_CONVERSION = YES;
				CLANG_WARN_DEPRECATED_OBJC_IMPLEMENTATIONS = YES;
				CLANG_WARN_DIRECT_OBJC_ISA_USAGE = YES_ERROR;
				CLANG_WARN_DOCUMENTATION_COMMENTS = YES;
				CLANG_WARN_EMPTY_BODY = YES;
				CLANG_WARN_ENUM_CONVERSION = YES;
				CLANG_WARN_INFINITE_RECURSION = YES;
				CLANG_WARN_INT_CONVERSION = YES;
				CLANG_WARN_NON_LITERAL_NULL_CONVERSION = YES;
				CLANG_WARN_OBJC_IMPLICIT_RETAIN_SELF = YES;
				CLANG_WARN_OBJC_LITERAL_CONVERSION = YES;
				CLANG_WARN_OBJC_ROOT_CLASS = YES_ERROR;
				CLANG_WARN_RANGE_LOOP_ANALYSIS = YES;
				CLANG_WARN_STRICT_PROTOTYPES = YES;
				CLANG_WARN_SUSPICIOUS_MOVE = YES;
				CLANG_WARN_UNGUARDED_AVAILABILITY = YES_AGGRESSIVE;
				CLANG_WARN_UNREACHABLE_CODE = YES;
				CLANG_WARN__DUPLICATE_METHOD_MATCH = YES;
				COPY_PHASE_STRIP = NO;
				DEBUG_INFORMATION_FORMAT = dwarf;
				ENABLE_STRICT_OBJC_MSGSEND = YES;
				ENABLE_TESTABILITY = YES;
				GCC_C_LANGUAGE_STANDARD = gnu11;
				GCC_DYNAMIC_NO_PIC = NO;
				GCC_NO_COMMON_BLOCKS = YES;
				GCC_OPTIMIZATION_LEVEL = 0;
				GCC_PREPROCESSOR_DEFINITIONS = (
					"DEBUG=1",
					"$(inherited)",
				);
				GCC_WARN_64_TO_32_BIT_CONVERSION = YES;
				GCC_WARN_ABOUT_RETURN_TYPE = YES_ERROR;
				GCC_WARN_UNDECLARED_SELECTOR = YES;
				GCC_WARN_UNINITIALIZED_AUTOS = YES_AGGRESSIVE;
				GCC_WARN_UNUSED_FUNCTION = YES;
				GCC_WARN_UNUSED_VARIABLE = YES;
				IPHONEOS_DEPLOYMENT_TARGET = 13.6;
				MTL_ENABLE_DEBUG_INFO = INCLUDE_SOURCE;
				MTL_FAST_MATH = YES;
				ONLY_ACTIVE_ARCH = YES;
				SDKROOT = iphoneos;
				SWIFT_ACTIVE_COMPILATION_CONDITIONS = DEBUG;
				SWIFT_OPTIMIZATION_LEVEL = "-Onone";
			};
			name = Debug;
		};
		4F65328F24D7AB160003AC88 /* Release */ = {
			isa = XCBuildConfiguration;
			buildSettings = {
				ALWAYS_SEARCH_USER_PATHS = NO;
				CLANG_ANALYZER_NONNULL = YES;
				CLANG_ANALYZER_NUMBER_OBJECT_CONVERSION = YES_AGGRESSIVE;
				CLANG_CXX_LANGUAGE_STANDARD = "gnu++14";
				CLANG_CXX_LIBRARY = "libc++";
				CLANG_ENABLE_MODULES = YES;
				CLANG_ENABLE_OBJC_ARC = YES;
				CLANG_ENABLE_OBJC_WEAK = YES;
				CLANG_WARN_BLOCK_CAPTURE_AUTORELEASING = YES;
				CLANG_WARN_BOOL_CONVERSION = YES;
				CLANG_WARN_COMMA = YES;
				CLANG_WARN_CONSTANT_CONVERSION = YES;
				CLANG_WARN_DEPRECATED_OBJC_IMPLEMENTATIONS = YES;
				CLANG_WARN_DIRECT_OBJC_ISA_USAGE = YES_ERROR;
				CLANG_WARN_DOCUMENTATION_COMMENTS = YES;
				CLANG_WARN_EMPTY_BODY = YES;
				CLANG_WARN_ENUM_CONVERSION = YES;
				CLANG_WARN_INFINITE_RECURSION = YES;
				CLANG_WARN_INT_CONVERSION = YES;
				CLANG_WARN_NON_LITERAL_NULL_CONVERSION = YES;
				CLANG_WARN_OBJC_IMPLICIT_RETAIN_SELF = YES;
				CLANG_WARN_OBJC_LITERAL_CONVERSION = YES;
				CLANG_WARN_OBJC_ROOT_CLASS = YES_ERROR;
				CLANG_WARN_RANGE_LOOP_ANALYSIS = YES;
				CLANG_WARN_STRICT_PROTOTYPES = YES;
				CLANG_WARN_SUSPICIOUS_MOVE = YES;
				CLANG_WARN_UNGUARDED_AVAILABILITY = YES_AGGRESSIVE;
				CLANG_WARN_UNREACHABLE_CODE = YES;
				CLANG_WARN__DUPLICATE_METHOD_MATCH = YES;
				COPY_PHASE_STRIP = NO;
				DEBUG_INFORMATION_FORMAT = "dwarf-with-dsym";
				ENABLE_NS_ASSERTIONS = NO;
				ENABLE_STRICT_OBJC_MSGSEND = YES;
				GCC_C_LANGUAGE_STANDARD = gnu11;
				GCC_NO_COMMON_BLOCKS = YES;
				GCC_WARN_64_TO_32_BIT_CONVERSION = YES;
				GCC_WARN_ABOUT_RETURN_TYPE = YES_ERROR;
				GCC_WARN_UNDECLARED_SELECTOR = YES;
				GCC_WARN_UNINITIALIZED_AUTOS = YES_AGGRESSIVE;
				GCC_WARN_UNUSED_FUNCTION = YES;
				GCC_WARN_UNUSED_VARIABLE = YES;
				IPHONEOS_DEPLOYMENT_TARGET = 13.6;
				MTL_ENABLE_DEBUG_INFO = NO;
				MTL_FAST_MATH = YES;
				SDKROOT = iphoneos;
				SWIFT_COMPILATION_MODE = wholemodule;
				SWIFT_OPTIMIZATION_LEVEL = "-O";
				VALIDATE_PRODUCT = YES;
			};
			name = Release;
		};
		4F65329124D7AB160003AC88 /* Debug */ = {
			isa = XCBuildConfiguration;
			buildSettings = {
				ASSETCATALOG_COMPILER_APPICON_NAME = AppIcon;
				CODE_SIGN_STYLE = Automatic;
				DEVELOPMENT_TEAM = HRKV954586;
				INFOPLIST_FILE = TinPet/Info.plist;
				LD_RUNPATH_SEARCH_PATHS = (
					"$(inherited)",
					"@executable_path/Frameworks",
				);
				PRODUCT_BUNDLE_IDENTIFIER = cl.silca8.cl.TinPet;
				PRODUCT_NAME = "$(TARGET_NAME)";
				SWIFT_VERSION = 5.0;
				TARGETED_DEVICE_FAMILY = "1,2";
			};
			name = Debug;
		};
		4F65329224D7AB160003AC88 /* Release */ = {
			isa = XCBuildConfiguration;
			buildSettings = {
				ASSETCATALOG_COMPILER_APPICON_NAME = AppIcon;
				CODE_SIGN_STYLE = Automatic;
				DEVELOPMENT_TEAM = HRKV954586;
				INFOPLIST_FILE = TinPet/Info.plist;
				LD_RUNPATH_SEARCH_PATHS = (
					"$(inherited)",
					"@executable_path/Frameworks",
				);
				PRODUCT_BUNDLE_IDENTIFIER = cl.silca8.cl.TinPet;
				PRODUCT_NAME = "$(TARGET_NAME)";
				SWIFT_VERSION = 5.0;
				TARGETED_DEVICE_FAMILY = "1,2";
			};
			name = Release;
		};
		4F65329424D7AB160003AC88 /* Debug */ = {
			isa = XCBuildConfiguration;
			buildSettings = {
				ALWAYS_EMBED_SWIFT_STANDARD_LIBRARIES = YES;
				BUNDLE_LOADER = "$(TEST_HOST)";
				CODE_SIGN_STYLE = Automatic;
				DEVELOPMENT_TEAM = HRKV954586;
				INFOPLIST_FILE = TinPetTests/Info.plist;
				IPHONEOS_DEPLOYMENT_TARGET = 13.6;
				LD_RUNPATH_SEARCH_PATHS = (
					"$(inherited)",
					"@executable_path/Frameworks",
					"@loader_path/Frameworks",
				);
				PRODUCT_BUNDLE_IDENTIFIER = cl.silca8.cl.TinPetTests;
				PRODUCT_NAME = "$(TARGET_NAME)";
				SWIFT_VERSION = 5.0;
				TARGETED_DEVICE_FAMILY = "1,2";
				TEST_HOST = "$(BUILT_PRODUCTS_DIR)/TinPet.app/TinPet";
			};
			name = Debug;
		};
		4F65329524D7AB160003AC88 /* Release */ = {
			isa = XCBuildConfiguration;
			buildSettings = {
				ALWAYS_EMBED_SWIFT_STANDARD_LIBRARIES = YES;
				BUNDLE_LOADER = "$(TEST_HOST)";
				CODE_SIGN_STYLE = Automatic;
				DEVELOPMENT_TEAM = HRKV954586;
				INFOPLIST_FILE = TinPetTests/Info.plist;
				IPHONEOS_DEPLOYMENT_TARGET = 13.6;
				LD_RUNPATH_SEARCH_PATHS = (
					"$(inherited)",
					"@executable_path/Frameworks",
					"@loader_path/Frameworks",
				);
				PRODUCT_BUNDLE_IDENTIFIER = cl.silca8.cl.TinPetTests;
				PRODUCT_NAME = "$(TARGET_NAME)";
				SWIFT_VERSION = 5.0;
				TARGETED_DEVICE_FAMILY = "1,2";
				TEST_HOST = "$(BUILT_PRODUCTS_DIR)/TinPet.app/TinPet";
			};
			name = Release;
		};
		4F65329724D7AB160003AC88 /* Debug */ = {
			isa = XCBuildConfiguration;
			buildSettings = {
				ALWAYS_EMBED_SWIFT_STANDARD_LIBRARIES = YES;
				CODE_SIGN_STYLE = Automatic;
				DEVELOPMENT_TEAM = HRKV954586;
				INFOPLIST_FILE = TinPetUITests/Info.plist;
				LD_RUNPATH_SEARCH_PATHS = (
					"$(inherited)",
					"@executable_path/Frameworks",
					"@loader_path/Frameworks",
				);
				PRODUCT_BUNDLE_IDENTIFIER = cl.silca8.cl.TinPetUITests;
				PRODUCT_NAME = "$(TARGET_NAME)";
				SWIFT_VERSION = 5.0;
				TARGETED_DEVICE_FAMILY = "1,2";
				TEST_TARGET_NAME = TinPet;
			};
			name = Debug;
		};
		4F65329824D7AB160003AC88 /* Release */ = {
			isa = XCBuildConfiguration;
			buildSettings = {
				ALWAYS_EMBED_SWIFT_STANDARD_LIBRARIES = YES;
				CODE_SIGN_STYLE = Automatic;
				DEVELOPMENT_TEAM = HRKV954586;
				INFOPLIST_FILE = TinPetUITests/Info.plist;
				LD_RUNPATH_SEARCH_PATHS = (
					"$(inherited)",
					"@executable_path/Frameworks",
					"@loader_path/Frameworks",
				);
				PRODUCT_BUNDLE_IDENTIFIER = cl.silca8.cl.TinPetUITests;
				PRODUCT_NAME = "$(TARGET_NAME)";
				SWIFT_VERSION = 5.0;
				TARGETED_DEVICE_FAMILY = "1,2";
				TEST_TARGET_NAME = TinPet;
			};
			name = Release;
		};
/* End XCBuildConfiguration section */

/* Begin XCConfigurationList section */
		4F65326124D7AB0B0003AC88 /* Build configuration list for PBXProject "TinPet" */ = {
			isa = XCConfigurationList;
			buildConfigurations = (
				4F65328E24D7AB160003AC88 /* Debug */,
				4F65328F24D7AB160003AC88 /* Release */,
			);
			defaultConfigurationIsVisible = 0;
			defaultConfigurationName = Release;
		};
		4F65329024D7AB160003AC88 /* Build configuration list for PBXNativeTarget "TinPet" */ = {
			isa = XCConfigurationList;
			buildConfigurations = (
				4F65329124D7AB160003AC88 /* Debug */,
				4F65329224D7AB160003AC88 /* Release */,
			);
			defaultConfigurationIsVisible = 0;
			defaultConfigurationName = Release;
		};
		4F65329324D7AB160003AC88 /* Build configuration list for PBXNativeTarget "TinPetTests" */ = {
			isa = XCConfigurationList;
			buildConfigurations = (
				4F65329424D7AB160003AC88 /* Debug */,
				4F65329524D7AB160003AC88 /* Release */,
			);
			defaultConfigurationIsVisible = 0;
			defaultConfigurationName = Release;
		};
		4F65329624D7AB160003AC88 /* Build configuration list for PBXNativeTarget "TinPetUITests" */ = {
			isa = XCConfigurationList;
			buildConfigurations = (
				4F65329724D7AB160003AC88 /* Debug */,
				4F65329824D7AB160003AC88 /* Release */,
			);
			defaultConfigurationIsVisible = 0;
			defaultConfigurationName = Release;
		};
/* End XCConfigurationList section */
	};
	rootObject = 4F65325E24D7AB0B0003AC88 /* Project object */;
}
